
Microsoft Visual Studio Solution File, Format Version 12.00
# Visual Studio 14
VisualStudioVersion = 14.0.25420.1
MinimumVisualStudioVersion = 10.0.40219.1
Project("{FAE04EC0-301F-11D3-BF4B-00C04F79EFBC}") = "WebJobSimulator.Web", "WebJobSimulator.Web\WebJobSimulator.Web.csproj", "{205D53EB-A54C-4EEC-AB9A-4713DD5439E7}"
EndProject
Project("{FAE04EC0-301F-11D3-BF4B-00C04F79EFBC}") = "WebJobSimulator.Common", "WebJobSimulator.Common\WebJobSimulator.Common.csproj", "{9B5DA408-CE53-405E-8F3F-991C898AB2CB}"
EndProject
Global
	GlobalSection(SolutionConfigurationPlatforms) = preSolution
		Debug|Any CPU = Debug|Any CPU
		Release|Any CPU = Release|Any CPU
	EndGlobalSection
	GlobalSection(ProjectConfigurationPlatforms) = postSolution
		{205D53EB-A54C-4EEC-AB9A-4713DD5439E7}.Debug|Any CPU.ActiveCfg = Debug|Any CPU
		{205D53EB-A54C-4EEC-AB9A-4713DD5439E7}.Debug|Any CPU.Build.0 = Debug|Any CPU
		{205D53EB-A54C-4EEC-AB9A-4713DD5439E7}.Release|Any CPU.ActiveCfg = Release|Any CPU
		{205D53EB-A54C-4EEC-AB9A-4713DD5439E7}.Release|Any CPU.Build.0 = Release|Any CPU
		{9B5DA408-CE53-405E-8F3F-991C898AB2CB}.Debug|Any CPU.ActiveCfg = Debug|Any CPU
		{9B5DA408-CE53-405E-8F3F-991C898AB2CB}.Debug|Any CPU.Build.0 = Debug|Any CPU
		{9B5DA408-CE53-405E-8F3F-991C898AB2CB}.Release|Any CPU.ActiveCfg = Release|Any CPU
		{9B5DA408-CE53-405E-8F3F-991C898AB2CB}.Release|Any CPU.Build.0 = Release|Any CPU
	EndGlobalSection
	GlobalSection(SolutionProperties) = preSolution
		HideSolutionNode = FALSE
	EndGlobalSection
EndGlobal
